{
  "nodes": {
    "naersk": {
      "inputs": {
        "nixpkgs": "nixpkgs"
      },
      "locked": {
        "lastModified": 1742901344,
        "narHash": "sha256-o9dXcpfXpBm6+/SRqcQW0GzRkJymwyEAu5UD5LMDd3s=",
        "owner": "nix-community",
        "repo": "naersk",
        "rev": "a75c0584b0d69de943babc899530e9c70c642b42",
        "type": "github"
      },
      "original": {
        "owner": "nix-community",
        "repo": "naersk",
        "type": "github"
      }
    },
    "nixpkgs": {
      "locked": {
        "lastModified": 0,
        "narHash": "sha256-BqUY8tz0AQ4to2Z4+uaKczh81zsGZSYxjgvtw+fvIfM=",
        "path": "/nix/store/snhf9248vvhvaz8sfjsn9n1h2wlhv4f8-source",
        "type": "path"
      },
      "original": {
        "id": "nixpkgs",
        "type": "indirect"
      }
    },
    "nixpkgs_2": {
      "locked": {
        "lastModified": 1739733332,
        "narHash": "sha256-noJnTdsHYDkhRt6lgCqHsMcweGa2tQkSKhKvvf6FFcU=",
        "owner": "NixOS",
        "repo": "nixpkgs",
        "rev": "9486edb6513b1c9628e9676006a2f4935e80a8a6",
        "type": "github"
      },
      "original": {
        "owner": "NixOS",
        "repo": "nixpkgs",
        "type": "github"
      }
    },
    "nixpkgs_3": {
      "locked": {
        "lastModified": 1736320768,
        "narHash": "sha256-nIYdTAiKIGnFNugbomgBJR+Xv5F1ZQU+HfaBqJKroC0=",
        "owner": "NixOS",
        "repo": "nixpkgs",
        "rev": "4bc9c909d9ac828a039f288cf872d16d38185db8",
        "type": "github"
      },
      "original": {
        "owner": "NixOS",
        "ref": "nixpkgs-unstable",
        "repo": "nixpkgs",
        "type": "github"
      }
    },
    "root": {
      "inputs": {
        "naersk": "naersk",
        "nixpkgs": "nixpkgs_2",
        "rust-overlay": "rust-overlay"
      }
    },
    "rust-overlay": {
      "inputs": {
        "nixpkgs": "nixpkgs_3"
      },
      "locked": {
        "lastModified": 1739673031,
        "narHash": "sha256-Z/GT8ebbvc4goxN4A0A5ACj26G1HaGJO+VetrPuC5Mo=",
        "owner": "oxalica",
        "repo": "rust-overlay",
        "rev": "538528d55318e0c8af1c307dcf10b7629b988fc3",
        "type": "github"
      },
      "original": {
        "owner": "oxalica",
        "repo": "rust-overlay",
        "type": "github"
      }
    }
  },
  "root": "root",
  "version": 7
}
